
Microsoft Visual Studio Solution File, Format Version 12.00
# Visual Studio 15
VisualStudioVersion = 15.0.28307.329
MinimumVisualStudioVersion = 10.0.40219.1
Project("{8BC9CEB8-8B4A-11D0-8D11-00A0C91BC942}") = "Project3", "Project3\Project3.vcxproj", "{544B26B1-055D-417D-B626-72FDC45EECBB}"
EndProject
Global
	GlobalSection(SolutionConfigurationPlatforms) = preSolution
		Debug|x64 = Debug|x64
		Debug|x86 = Debug|x86
		Release|x64 = Release|x64
		Release|x86 = Release|x86
	EndGlobalSection
	GlobalSection(ProjectConfigurationPlatforms) = postSolution
		{544B26B1-055D-417D-B626-72FDC45EECBB}.Debug|x64.ActiveCfg = Debug|x64
		{544B26B1-055D-417D-B626-72FDC45EECBB}.Debug|x64.Build.0 = Debug|x64
		{544B26B1-055D-417D-B626-72FDC45EECBB}.Debug|x86.ActiveCfg = Debug|Win32
		{544B26B1-055D-417D-B626-72FDC45EECBB}.Debug|x86.Build.0 = Debug|Win32
		{544B26B1-055D-417D-B626-72FDC45EECBB}.Release|x64.ActiveCfg = Release|x64
		{544B26B1-055D-417D-B626-72FDC45EECBB}.Release|x64.Build.0 = Release|x64
		{544B26B1-055D-417D-B626-72FDC45EECBB}.Release|x86.ActiveCfg = Release|Win32
		{544B26B1-055D-417D-B626-72FDC45EECBB}.Release|x86.Build.0 = Release|Win32
	EndGlobalSection
	GlobalSection(SolutionProperties) = preSolution
		HideSolutionNode = FALSE
	EndGlobalSection
	GlobalSection(ExtensibilityGlobals) = postSolution
		SolutionGuid = {EF3ECEB0-254D-4E60-81D3-CBA2CE6EA173}
	EndGlobalSection
EndGlobal
